// !$*UTF8*$!
{
	archiveVersion = 1;
	classes = {
	};
	objectVersion = 56;
	objects = {

/* Begin PBXBuildFile section */
		5233B5212B6CAE3600E43CAB /* tolacambodemoApp.swift in Sources */ = {isa = PBXBuildFile; fileRef = 5233B5202B6CAE3600E43CAB /* tolacambodemoApp.swift */; };
		5233B5232B6CAE3600E43CAB /* ContentView.swift in Sources */ = {isa = PBXBuildFile; fileRef = 5233B5222B6CAE3600E43CAB /* ContentView.swift */; };
		5233B5252B6CAE3800E43CAB /* Assets.xcassets in Resources */ = {isa = PBXBuildFile; fileRef = 5233B5242B6CAE3800E43CAB /* Assets.xcassets */; };
		5233B5282B6CAE3800E43CAB /* Preview Assets.xcassets in Resources */ = {isa = PBXBuildFile; fileRef = 5233B5272B6CAE3800E43CAB /* Preview Assets.xcassets */; };
		5233B52F2B6D33D300E43CAB /* SVGManager.swift in Sources */ = {isa = PBXBuildFile; fileRef = 5233B52E2B6D33D300E43CAB /* SVGManager.swift */; };
		5233B5342B708D4800E43CAB /* SplashScreen.swift in Sources */ = {isa = PBXBuildFile; fileRef = 5233B5332B708D4700E43CAB /* SplashScreen.swift */; };
		5233B5362B708E8F00E43CAB /* SystemIconFilterView.swift in Sources */ = {isa = PBXBuildFile; fileRef = 5233B5352B708E8F00E43CAB /* SystemIconFilterView.swift */; };
/* End PBXBuildFile section */

/* Begin PBXFileReference section */
		5233B51D2B6CAE3600E43CAB /* tolacambodemo.app */ = {isa = PBXFileReference; explicitFileType = wrapper.application; includeInIndex = 0; path = tolacambodemo.app; sourceTree = BUILT_PRODUCTS_DIR; };
		5233B5202B6CAE3600E43CAB /* tolacambodemoApp.swift */ = {isa = PBXFileReference; lastKnownFileType = sourcecode.swift; path = tolacambodemoApp.swift; sourceTree = "<group>"; };
		5233B5222B6CAE3600E43CAB /* ContentView.swift */ = {isa = PBXFileReference; lastKnownFileType = sourcecode.swift; path = ContentView.swift; sourceTree = "<group>"; };
		5233B5242B6CAE3800E43CAB /* Assets.xcassets */ = {isa = PBXFileReference; lastKnownFileType = folder.assetcatalog; path = Assets.xcassets; sourceTree = "<group>"; };
		5233B5272B6CAE3800E43CAB /* Preview Assets.xcassets */ = {isa = PBXFileReference; lastKnownFileType = folder.assetcatalog; path = "Preview Assets.xcassets"; sourceTree = "<group>"; };
		5233B52E2B6D33D300E43CAB /* SVGManager.swift */ = {isa = PBXFileReference; lastKnownFileType = sourcecode.swift; path = SVGManager.swift; sourceTree = "<group>"; };
		5233B5332B708D4700E43CAB /* SplashScreen.swift */ = {isa = PBXFileReference; lastKnownFileType = sourcecode.swift; path = SplashScreen.swift; sourceTree = "<group>"; };
		5233B5352B708E8F00E43CAB /* SystemIconFilterView.swift */ = {isa = PBXFileReference; lastKnownFileType = sourcecode.swift; path = SystemIconFilterView.swift; sourceTree = "<group>"; };
/* End PBXFileReference section */

/* Begin PBXFrameworksBuildPhase section */
		5233B51A2B6CAE3600E43CAB /* Frameworks */ = {
			isa = PBXFrameworksBuildPhase;
			buildActionMask = 2147483647;
			files = (
			);
			runOnlyForDeploymentPostprocessing = 0;
		};
/* End PBXFrameworksBuildPhase section */

/* Begin PBXGroup section */
		5233B5142B6CAE3600E43CAB = {
			isa = PBXGroup;
			children = (
				5233B51F2B6CAE3600E43CAB /* tolacambodemo */,
				5233B51E2B6CAE3600E43CAB /* Products */,
			);
			sourceTree = "<group>";
		};
		5233B51E2B6CAE3600E43CAB /* Products */ = {
			isa = PBXGroup;
			children = (
				5233B51D2B6CAE3600E43CAB /* tolacambodemo.app */,
			);
			name = Products;
			sourceTree = "<group>";
		};
		5233B51F2B6CAE3600E43CAB /* tolacambodemo */ = {
			isa = PBXGroup;
			children = (
				5233B5372B70924900E43CAB /* Managers */,
				5233B5322B708CBA00E43CAB /* Views */,
				5233B5202B6CAE3600E43CAB /* tolacambodemoApp.swift */,
				5233B5222B6CAE3600E43CAB /* ContentView.swift */,
				5233B5242B6CAE3800E43CAB /* Assets.xcassets */,
				5233B5262B6CAE3800E43CAB /* Preview Content */,
			);
			path = tolacambodemo;
			sourceTree = "<group>";
		};
		5233B5262B6CAE3800E43CAB /* Preview Content */ = {
			isa = PBXGroup;
			children = (
				5233B5272B6CAE3800E43CAB /* Preview Assets.xcassets */,
			);
			path = "Preview Content";
			sourceTree = "<group>";
		};
		5233B5322B708CBA00E43CAB /* Views */ = {
			isa = PBXGroup;
			children = (
				5233B5332B708D4700E43CAB /* SplashScreen.swift */,
				5233B5352B708E8F00E43CAB /* SystemIconFilterView.swift */,
			);
			path = Views;
			sourceTree = "<group>";
		};
		5233B5372B70924900E43CAB /* Managers */ = {
			isa = PBXGroup;
			children = (
				5233B52E2B6D33D300E43CAB /* SVGManager.swift */,
			);
			path = Managers;
			sourceTree = "<group>";
		};
/* End PBXGroup section */

/* Begin PBXNativeTarget section */
		5233B51C2B6CAE3600E43CAB /* tolacambodemo */ = {
			isa = PBXNativeTarget;
			buildConfigurationList = 5233B52B2B6CAE3800E43CAB /* Build configuration list for PBXNativeTarget "tolacambodemo" */;
			buildPhases = (
				5233B5192B6CAE3600E43CAB /* Sources */,
				5233B51A2B6CAE3600E43CAB /* Frameworks */,
				5233B51B2B6CAE3600E43CAB /* Resources */,
			);
			buildRules = (
			);
			dependencies = (
			);
			name = tolacambodemo;
			productName = tolacambodemo;
			productReference = 5233B51D2B6CAE3600E43CAB /* tolacambodemo.app */;
			productType = "com.apple.product-type.application";
		};
/* End PBXNativeTarget section */

/* Begin PBXProject section */
		5233B5152B6CAE3600E43CAB /* Project object */ = {
			isa = PBXProject;
			attributes = {
				BuildIndependentTargetsInParallel = 1;
				LastSwiftUpdateCheck = 1520;
				LastUpgradeCheck = 1520;
				TargetAttributes = {
					5233B51C2B6CAE3600E43CAB = {
						CreatedOnToolsVersion = 15.2;
					};
				};
			};
			buildConfigurationList = 5233B5182B6CAE3600E43CAB /* Build configuration list for PBXProject "tolacambodemo" */;
			compatibilityVersion = "Xcode 14.0";
			developmentRegion = en;
			hasScannedForEncodings = 0;
			knownRegions = (
				en,
				Base,
			);
			mainGroup = 5233B5142B6CAE3600E43CAB;
			productRefGroup = 5233B51E2B6CAE3600E43CAB /* Products */;
			projectDirPath = "";
			projectRoot = "";
			targets = (
				5233B51C2B6CAE3600E43CAB /* tolacambodemo */,
			);
		};
/* End PBXProject section */

/* Begin PBXResourcesBuildPhase section */
		5233B51B2B6CAE3600E43CAB /* Resources */ = {
			isa = PBXResourcesBuildPhase;
			buildActionMask = 2147483647;
			files = (
				5233B5282B6CAE3800E43CAB /* Preview Assets.xcassets in Resources */,
				5233B5252B6CAE3800E43CAB /* Assets.xcassets in Resources */,
			);
			runOnlyForDeploymentPostprocessing = 0;
		};
/* End PBXResourcesBuildPhase section */

/* Begin PBXSourcesBuildPhase section */
		5233B5192B6CAE3600E43CAB /* Sources */ = {
			isa = PBXSourcesBuildPhase;
			buildActionMask = 2147483647;
			files = (
				5233B5342B708D4800E43CAB /* SplashScreen.swift in Sources */,
				5233B5232B6CAE3600E43CAB /* ContentView.swift in Sources */,
				5233B5212B6CAE3600E43CAB /* tolacambodemoApp.swift in Sources */,
				5233B5362B708E8F00E43CAB /* SystemIconFilterView.swift in Sources */,
				5233B52F2B6D33D300E43CAB /* SVGManager.swift in Sources */,
			);
			runOnlyForDeploymentPostprocessing = 0;
		};
/* End PBXSourcesBuildPhase section */

/* Begin XCBuildConfiguration section */
		5233B5292B6CAE3800E43CAB /* Debug */ = {
			isa = XCBuildConfiguration;
			buildSettings = {
				ALWAYS_SEARCH_USER_PATHS = NO;
				ASSETCATALOG_COMPILER_GENERATE_SWIFT_ASSET_SYMBOL_EXTENSIONS = YES;
				CLANG_ANALYZER_NONNULL = YES;
				CLANG_ANALYZER_NUMBER_OBJECT_CONVERSION = YES_AGGRESSIVE;
				CLANG_CXX_LANGUAGE_STANDARD = "gnu++20";
				CLANG_ENABLE_MODULES = YES;
				CLANG_ENABLE_OBJC_ARC = YES;
				CLANG_ENABLE_OBJC_WEAK = YES;
				CLANG_WARN_BLOCK_CAPTURE_AUTORELEASING = YES;
				CLANG_WARN_BOOL_CONVERSION = YES;
				CLANG_WARN_COMMA = YES;
				CLANG_WARN_CONSTANT_CONVERSION = YES;
				CLANG_WARN_DEPRECATED_OBJC_IMPLEMENTATIONS = YES;
				CLANG_WARN_DIRECT_OBJC_ISA_USAGE = YES_ERROR;
				CLANG_WARN_DOCUMENTATION_COMMENTS = YES;
				CLANG_WARN_EMPTY_BODY = YES;
				CLANG_WARN_ENUM_CONVERSION = YES;
				CLANG_WARN_INFINITE_RECURSION = YES;
				CLANG_WARN_INT_CONVERSION = YES;
				CLANG_WARN_NON_LITERAL_NULL_CONVERSION = YES;
				CLANG_WARN_OBJC_IMPLICIT_RETAIN_SELF = YES;
				CLANG_WARN_OBJC_LITERAL_CONVERSION = YES;
				CLANG_WARN_OBJC_ROOT_CLASS = YES_ERROR;
				CLANG_WARN_QUOTED_INCLUDE_IN_FRAMEWORK_HEADER = YES;
				CLANG_WARN_RANGE_LOOP_ANALYSIS = YES;
				CLANG_WARN_STRICT_PROTOTYPES = YES;
				CLANG_WARN_SUSPICIOUS_MOVE = YES;
				CLANG_WARN_UNGUARDED_AVAILABILITY = YES_AGGRESSIVE;
				CLANG_WARN_UNREACHABLE_CODE = YES;
				CLANG_WARN__DUPLICATE_METHOD_MATCH = YES;
				COPY_PHASE_STRIP = NO;
				DEBUG_INFORMATION_FORMAT = dwarf;
				ENABLE_STRICT_OBJC_MSGSEND = YES;
				ENABLE_TESTABILITY = YES;
				ENABLE_USER_SCRIPT_SANDBOXING = YES;
				GCC_C_LANGUAGE_STANDARD = gnu17;
				GCC_DYNAMIC_NO_PIC = NO;
				GCC_NO_COMMON_BLOCKS = YES;
				GCC_OPTIMIZATION_LEVEL = 0;
				GCC_PREPROCESSOR_DEFINITIONS = (
					"DEBUG=1",
					"$(inherited)",
				);
				GCC_WARN_64_TO_32_BIT_CONVERSION = YES;
				GCC_WARN_ABOUT_RETURN_TYPE = YES_ERROR;
				GCC_WARN_UNDECLARED_SELECTOR = YES;
				GCC_WARN_UNINITIALIZED_AUTOS = YES_AGGRESSIVE;
				GCC_WARN_UNUSED_FUNCTION = YES;
				GCC_WARN_UNUSED_VARIABLE = YES;
				IPHONEOS_DEPLOYMENT_TARGET = 17.2;
				LOCALIZATION_PREFERS_STRING_CATALOGS = YES;
				MTL_ENABLE_DEBUG_INFO = INCLUDE_SOURCE;
				MTL_FAST_MATH = YES;
				ONLY_ACTIVE_ARCH = YES;
				SDKROOT = iphoneos;
				SWIFT_ACTIVE_COMPILATION_CONDITIONS = "DEBUG $(inherited)";
				SWIFT_OPTIMIZATION_LEVEL = "-Onone";
			};
			name = Debug;
		};
		5233B52A2B6CAE3800E43CAB /* Release */ = {
			isa = XCBuildConfiguration;
			buildSettings = {
				ALWAYS_SEARCH_USER_PATHS = NO;
				ASSETCATALOG_COMPILER_GENERATE_SWIFT_ASSET_SYMBOL_EXTENSIONS = YES;
				CLANG_ANALYZER_NONNULL = YES;
				CLANG_ANALYZER_NUMBER_OBJECT_CONVERSION = YES_AGGRESSIVE;
				CLANG_CXX_LANGUAGE_STANDARD = "gnu++20";
				CLANG_ENABLE_MODULES = YES;
				CLANG_ENABLE_OBJC_ARC = YES;
				CLANG_ENABLE_OBJC_WEAK = YES;
				CLANG_WARN_BLOCK_CAPTURE_AUTORELEASING = YES;
				CLANG_WARN_BOOL_CONVERSION = YES;
				CLANG_WARN_COMMA = YES;
				CLANG_WARN_CONSTANT_CONVERSION = YES;
				CLANG_WARN_DEPRECATED_OBJC_IMPLEMENTATIONS = YES;
				CLANG_WARN_DIRECT_OBJC_ISA_USAGE = YES_ERROR;
				CLANG_WARN_DOCUMENTATION_COMMENTS = YES;
				CLANG_WARN_EMPTY_BODY = YES;
				CLANG_WARN_ENUM_CONVERSION = YES;
				CLANG_WARN_INFINITE_RECURSION = YES;
				CLANG_WARN_INT_CONVERSION = YES;
				CLANG_WARN_NON_LITERAL_NULL_CONVERSION = YES;
				CLANG_WARN_OBJC_IMPLICIT_RETAIN_SELF = YES;
				CLANG_WARN_OBJC_LITERAL_CONVERSION = YES;
				CLANG_WARN_OBJC_ROOT_CLASS = YES_ERROR;
				CLANG_WARN_QUOTED_INCLUDE_IN_FRAMEWORK_HEADER = YES;
				CLANG_WARN_RANGE_LOOP_ANALYSIS = YES;
				CLANG_WARN_STRICT_PROTOTYPES = YES;
				CLANG_WARN_SUSPICIOUS_MOVE = YES;
				CLANG_WARN_UNGUARDED_AVAILABILITY = YES_AGGRESSIVE;
				CLANG_WARN_UNREACHABLE_CODE = YES;
				CLANG_WARN__DUPLICATE_METHOD_MATCH = YES;
				COPY_PHASE_STRIP = NO;
				DEBUG_INFORMATION_FORMAT = "dwarf-with-dsym";
				ENABLE_NS_ASSERTIONS = NO;
				ENABLE_STRICT_OBJC_MSGSEND = YES;
				ENABLE_USER_SCRIPT_SANDBOXING = YES;
				GCC_C_LANGUAGE_STANDARD = gnu17;
				GCC_NO_COMMON_BLOCKS = YES;
				GCC_WARN_64_TO_32_BIT_CONVERSION = YES;
				GCC_WARN_ABOUT_RETURN_TYPE = YES_ERROR;
				GCC_WARN_UNDECLARED_SELECTOR = YES;
				GCC_WARN_UNINITIALIZED_AUTOS = YES_AGGRESSIVE;
				GCC_WARN_UNUSED_FUNCTION = YES;
				GCC_WARN_UNUSED_VARIABLE = YES;
				IPHONEOS_DEPLOYMENT_TARGET = 17.2;
				LOCALIZATION_PREFERS_STRING_CATALOGS = YES;
				MTL_ENABLE_DEBUG_INFO = NO;
				MTL_FAST_MATH = YES;
				SDKROOT = iphoneos;
				SWIFT_COMPILATION_MODE = wholemodule;
				VALIDATE_PRODUCT = YES;
			};
			name = Release;
		};
		5233B52C2B6CAE3800E43CAB /* Debug */ = {
			isa = XCBuildConfiguration;
			buildSettings = {
				ASSETCATALOG_COMPILER_APPICON_NAME = AppIcon;
				ASSETCATALOG_COMPILER_GLOBAL_ACCENT_COLOR_NAME = AccentColor;
				CODE_SIGN_STYLE = Automatic;
				CURRENT_PROJECT_VERSION = 1;
				DEVELOPMENT_ASSET_PATHS = "\"tolacambodemo/Preview Content\"";
				DEVELOPMENT_TEAM = "";
				ENABLE_PREVIEWS = YES;
				GENERATE_INFOPLIST_FILE = YES;
				INFOPLIST_KEY_UIApplicationSceneManifest_Generation = YES;
				INFOPLIST_KEY_UIApplicationSupportsIndirectInputEvents = YES;
				INFOPLIST_KEY_UILaunchScreen_Generation = YES;
				INFOPLIST_KEY_UISupportedInterfaceOrientations_iPad = "UIInterfaceOrientationPortrait UIInterfaceOrientationPortraitUpsideDown UIInterfaceOrientationLandscapeLeft UIInterfaceOrientationLandscapeRight";
				INFOPLIST_KEY_UISupportedInterfaceOrientations_iPhone = "UIInterfaceOrientationPortrait UIInterfaceOrientationLandscapeLeft UIInterfaceOrientationLandscapeRight";
				LD_RUNPATH_SEARCH_PATHS = (
					"$(inherited)",
					"@executable_path/Frameworks",
				);
				MARKETING_VERSION = 1.0;
				PRODUCT_BUNDLE_IDENTIFIER = com.tolacambo.demo;
				PRODUCT_NAME = "$(TARGET_NAME)";
				SWIFT_EMIT_LOC_STRINGS = YES;
				SWIFT_VERSION = 5.0;
				TARGETED_DEVICE_FAMILY = "1,2";
			};
			name = Debug;
		};
		5233B52D2B6CAE3800E43CAB /* Release */ = {
			isa = XCBuildConfiguration;
			buildSettings = {
				ASSETCATALOG_COMPILER_APPICON_NAME = AppIcon;
				ASSETCATALOG_COMPILER_GLOBAL_ACCENT_COLOR_NAME = AccentColor;
				CODE_SIGN_STYLE = Automatic;
				CURRENT_PROJECT_VERSION = 1;
				DEVELOPMENT_ASSET_PATHS = "\"tolacambodemo/Preview Content\"";
				DEVELOPMENT_TEAM = "";
				ENABLE_PREVIEWS = YES;
				GENERATE_INFOPLIST_FILE = YES;
				INFOPLIST_KEY_UIApplicationSceneManifest_Generation = YES;
				INFOPLIST_KEY_UIApplicationSupportsIndirectInputEvents = YES;
				INFOPLIST_KEY_UILaunchScreen_Generation = YES;
				INFOPLIST_KEY_UISupportedInterfaceOrientations_iPad = "UIInterfaceOrientationPortrait UIInterfaceOrientationPortraitUpsideDown UIInterfaceOrientationLandscapeLeft UIInterfaceOrientationLandscapeRight";
				INFOPLIST_KEY_UISupportedInterfaceOrientations_iPhone = "UIInterfaceOrientationPortrait UIInterfaceOrientationLandscapeLeft UIInterfaceOrientationLandscapeRight";
				LD_RUNPATH_SEARCH_PATHS = (
					"$(inherited)",
					"@executable_path/Frameworks",
				);
				MARKETING_VERSION = 1.0;
				PRODUCT_BUNDLE_IDENTIFIER = com.tolacambo.demo;
				PRODUCT_NAME = "$(TARGET_NAME)";
				SWIFT_EMIT_LOC_STRINGS = YES;
				SWIFT_VERSION = 5.0;
				TARGETED_DEVICE_FAMILY = "1,2";
			};
			name = Release;
		};
/* End XCBuildConfiguration section */

/* Begin XCConfigurationList section */
		5233B5182B6CAE3600E43CAB /* Build configuration list for PBXProject "tolacambodemo" */ = {
			isa = XCConfigurationList;
			buildConfigurations = (
				5233B5292B6CAE3800E43CAB /* Debug */,
				5233B52A2B6CAE3800E43CAB /* Release */,
			);
			defaultConfigurationIsVisible = 0;
			defaultConfigurationName = Release;
		};
		5233B52B2B6CAE3800E43CAB /* Build configuration list for PBXNativeTarget "tolacambodemo" */ = {
			isa = XCConfigurationList;
			buildConfigurations = (
				5233B52C2B6CAE3800E43CAB /* Debug */,
				5233B52D2B6CAE3800E43CAB /* Release */,
			);
			defaultConfigurationIsVisible = 0;
			defaultConfigurationName = Release;
		};
/* End XCConfigurationList section */
	};
	rootObject = 5233B5152B6CAE3600E43CAB /* Project object */;
}
